
Microsoft Visual Studio Solution File, Format Version 12.00
# Visual Studio Version 17
VisualStudioVersion = 17.8.34511.84
MinimumVisualStudioVersion = 10.0.40219.1
Project("{FAE04EC0-301F-11D3-BF4B-00C04F79EFBC}") = "Idades", "Idades\Idades.csproj", "{8848B63F-5061-4DA3-8664-4E2DFE0CFDD0}"
EndProject
Global
	GlobalSection(SolutionConfigurationPlatforms) = preSolution
		Debug|Any CPU = Debug|Any CPU
		Release|Any CPU = Release|Any CPU
	EndGlobalSection
	GlobalSection(ProjectConfigurationPlatforms) = postSolution
		{8848B63F-5061-4DA3-8664-4E2DFE0CFDD0}.Debug|Any CPU.ActiveCfg = Debug|Any CPU
		{8848B63F-5061-4DA3-8664-4E2DFE0CFDD0}.Debug|Any CPU.Build.0 = Debug|Any CPU
		{8848B63F-5061-4DA3-8664-4E2DFE0CFDD0}.Release|Any CPU.ActiveCfg = Release|Any CPU
		{8848B63F-5061-4DA3-8664-4E2DFE0CFDD0}.Release|Any CPU.Build.0 = Release|Any CPU
	EndGlobalSection
	GlobalSection(SolutionProperties) = preSolution
		HideSolutionNode = FALSE
	EndGlobalSection
	GlobalSection(ExtensibilityGlobals) = postSolution
		SolutionGuid = {7FCEBDD0-C4C7-465A-9555-1F68CA207D52}
	EndGlobalSection
EndGlobal
